
Microsoft Visual Studio Solution File, Format Version 12.00
# Visual Studio Version 17
VisualStudioVersion = 17.3.32922.545
MinimumVisualStudioVersion = 10.0.40219.1
Project("{FAE04EC0-301F-11D3-BF4B-00C04F79EFBC}") = "RockPaperScissors", "RockPaperScissors\RockPaperScissors.csproj", "{2BA4B40E-91BA-426D-9AAF-5E2A666BBFE4}"
EndProject
Global
	GlobalSection(SolutionConfigurationPlatforms) = preSolution
		Debug|Any CPU = Debug|Any CPU
		Release|Any CPU = Release|Any CPU
	EndGlobalSection
	GlobalSection(ProjectConfigurationPlatforms) = postSolution
		{2BA4B40E-91BA-426D-9AAF-5E2A666BBFE4}.Debug|Any CPU.ActiveCfg = Debug|Any CPU
		{2BA4B40E-91BA-426D-9AAF-5E2A666BBFE4}.Debug|Any CPU.Build.0 = Debug|Any CPU
		{2BA4B40E-91BA-426D-9AAF-5E2A666BBFE4}.Release|Any CPU.ActiveCfg = Release|Any CPU
		{2BA4B40E-91BA-426D-9AAF-5E2A666BBFE4}.Release|Any CPU.Build.0 = Release|Any CPU
	EndGlobalSection
	GlobalSection(SolutionProperties) = preSolution
		HideSolutionNode = FALSE
	EndGlobalSection
	GlobalSection(ExtensibilityGlobals) = postSolution
		SolutionGuid = {E61EBF7D-AE47-4FD9-A338-48F863ABE1AB}
	EndGlobalSection
EndGlobal
